
Microsoft Visual Studio Solution File, Format Version 12.00
# Visual Studio Version 17
VisualStudioVersion = 17.12.35527.113 d17.12
MinimumVisualStudioVersion = 10.0.40219.1
Project("{FAE04EC0-301F-11D3-BF4B-00C04F79EFBC}") = "CheatEngineP1", "CheatEngineP1\CheatEngineP1.csproj", "{601DBE7C-F912-4647-82FF-68D40AB7D65D}"
EndProject
Project("{FAE04EC0-301F-11D3-BF4B-00C04F79EFBC}") = "CheatAppSample", "CheatAppSample\CheatAppSample.csproj", "{B3673216-3855-48E9-8E7A-7E19401B53BA}"
	ProjectSection(ProjectDependencies) = postProject
		{601DBE7C-F912-4647-82FF-68D40AB7D65D} = {601DBE7C-F912-4647-82FF-68D40AB7D65D}
	EndProjectSection
EndProject
Global
	GlobalSection(SolutionConfigurationPlatforms) = preSolution
		Debug|Any CPU = Debug|Any CPU
		Release|Any CPU = Release|Any CPU
	EndGlobalSection
	GlobalSection(ProjectConfigurationPlatforms) = postSolution
		{601DBE7C-F912-4647-82FF-68D40AB7D65D}.Debug|Any CPU.ActiveCfg = Debug|Any CPU
		{601DBE7C-F912-4647-82FF-68D40AB7D65D}.Debug|Any CPU.Build.0 = Debug|Any CPU
		{601DBE7C-F912-4647-82FF-68D40AB7D65D}.Release|Any CPU.ActiveCfg = Release|Any CPU
		{601DBE7C-F912-4647-82FF-68D40AB7D65D}.Release|Any CPU.Build.0 = Release|Any CPU
		{B3673216-3855-48E9-8E7A-7E19401B53BA}.Debug|Any CPU.ActiveCfg = Debug|Any CPU
		{B3673216-3855-48E9-8E7A-7E19401B53BA}.Debug|Any CPU.Build.0 = Debug|Any CPU
		{B3673216-3855-48E9-8E7A-7E19401B53BA}.Debug|Any CPU.Deploy.0 = Debug|Any CPU
		{B3673216-3855-48E9-8E7A-7E19401B53BA}.Release|Any CPU.ActiveCfg = Release|Any CPU
		{B3673216-3855-48E9-8E7A-7E19401B53BA}.Release|Any CPU.Build.0 = Release|Any CPU
	EndGlobalSection
	GlobalSection(SolutionProperties) = preSolution
		HideSolutionNode = FALSE
	EndGlobalSection
EndGlobal
